
Microsoft Visual Studio Solution File, Format Version 12.00
# Visual Studio Version 16
VisualStudioVersion = 16.0.29306.81
MinimumVisualStudioVersion = 10.0.40219.1
Project("{FAE04EC0-301F-11D3-BF4B-00C04F79EFBC}") = "T1808A_MVC", "T1808A_MVC\T1808A_MVC.csproj", "{51E56707-26C9-46B1-B013-971D77F12A42}"
EndProject
Global
	GlobalSection(SolutionConfigurationPlatforms) = preSolution
		Debug|Any CPU = Debug|Any CPU
		Release|Any CPU = Release|Any CPU
	EndGlobalSection
	GlobalSection(ProjectConfigurationPlatforms) = postSolution
		{51E56707-26C9-46B1-B013-971D77F12A42}.Debug|Any CPU.ActiveCfg = Debug|Any CPU
		{51E56707-26C9-46B1-B013-971D77F12A42}.Debug|Any CPU.Build.0 = Debug|Any CPU
		{51E56707-26C9-46B1-B013-971D77F12A42}.Release|Any CPU.ActiveCfg = Release|Any CPU
		{51E56707-26C9-46B1-B013-971D77F12A42}.Release|Any CPU.Build.0 = Release|Any CPU
	EndGlobalSection
	GlobalSection(SolutionProperties) = preSolution
		HideSolutionNode = FALSE
	EndGlobalSection
	GlobalSection(ExtensibilityGlobals) = postSolution
		SolutionGuid = {64806FA1-D3BB-48FB-9CAE-E0E28676C227}
	EndGlobalSection
EndGlobal
